// !$*UTF8*$!
{
	archiveVersion = 1;
	classes = {
	};
	objectVersion = 46;
	objects = {

/* Begin PBXBuildFile section */
		5280591A1F21EFDF00FAFE2A /* 0.png in Resources */ = {isa = PBXBuildFile; fileRef = 528059001F21EFDF00FAFE2A /* 0.png */; };
		5280591B1F21EFDF00FAFE2A /* 1.png in Resources */ = {isa = PBXBuildFile; fileRef = 528059011F21EFDF00FAFE2A /* 1.png */; };
		5280591C1F21EFDF00FAFE2A /* 10.png in Resources */ = {isa = PBXBuildFile; fileRef = 528059021F21EFDF00FAFE2A /* 10.png */; };
		5280591D1F21EFDF00FAFE2A /* 11.png in Resources */ = {isa = PBXBuildFile; fileRef = 528059031F21EFDF00FAFE2A /* 11.png */; };
		5280591E1F21EFDF00FAFE2A /* 12.png in Resources */ = {isa = PBXBuildFile; fileRef = 528059041F21EFDF00FAFE2A /* 12.png */; };
		5280591F1F21EFDF00FAFE2A /* 13.png in Resources */ = {isa = PBXBuildFile; fileRef = 528059051F21EFDF00FAFE2A /* 13.png */; };
		528059201F21EFDF00FAFE2A /* 16.png in Resources */ = {isa = PBXBuildFile; fileRef = 528059061F21EFDF00FAFE2A /* 16.png */; };
		528059211F21EFDF00FAFE2A /* 17.png in Resources */ = {isa = PBXBuildFile; fileRef = 528059071F21EFDF00FAFE2A /* 17.png */; };
		528059221F21EFDF00FAFE2A /* 18.png in Resources */ = {isa = PBXBuildFile; fileRef = 528059081F21EFDF00FAFE2A /* 18.png */; };
		528059231F21EFDF00FAFE2A /* 19.png in Resources */ = {isa = PBXBuildFile; fileRef = 528059091F21EFDF00FAFE2A /* 19.png */; };
		528059241F21EFDF00FAFE2A /* 2.png in Resources */ = {isa = PBXBuildFile; fileRef = 5280590A1F21EFDF00FAFE2A /* 2.png */; };
		528059251F21EFDF00FAFE2A /* 20.png in Resources */ = {isa = PBXBuildFile; fileRef = 5280590B1F21EFDF00FAFE2A /* 20.png */; };
		528059261F21EFDF00FAFE2A /* 21.png in Resources */ = {isa = PBXBuildFile; fileRef = 5280590C1F21EFDF00FAFE2A /* 21.png */; };
		528059271F21EFDF00FAFE2A /* 22.png in Resources */ = {isa = PBXBuildFile; fileRef = 5280590D1F21EFDF00FAFE2A /* 22.png */; };
		528059281F21EFDF00FAFE2A /* 23.png in Resources */ = {isa = PBXBuildFile; fileRef = 5280590E1F21EFDF00FAFE2A /* 23.png */; };
		528059291F21EFDF00FAFE2A /* 24.png in Resources */ = {isa = PBXBuildFile; fileRef = 5280590F1F21EFDF00FAFE2A /* 24.png */; };
		5280592A1F21EFDF00FAFE2A /* 25.png in Resources */ = {isa = PBXBuildFile; fileRef = 528059101F21EFDF00FAFE2A /* 25.png */; };
		5280592B1F21EFDF00FAFE2A /* 26.png in Resources */ = {isa = PBXBuildFile; fileRef = 528059111F21EFDF00FAFE2A /* 26.png */; };
		5280592C1F21EFDF00FAFE2A /* 27.png in Resources */ = {isa = PBXBuildFile; fileRef = 528059121F21EFDF00FAFE2A /* 27.png */; };
		5280592D1F21EFDF00FAFE2A /* 3.png in Resources */ = {isa = PBXBuildFile; fileRef = 528059131F21EFDF00FAFE2A /* 3.png */; };
		5280592E1F21EFDF00FAFE2A /* 4.png in Resources */ = {isa = PBXBuildFile; fileRef = 528059141F21EFDF00FAFE2A /* 4.png */; };
		5280592F1F21EFDF00FAFE2A /* 5.png in Resources */ = {isa = PBXBuildFile; fileRef = 528059151F21EFDF00FAFE2A /* 5.png */; };
		528059301F21EFDF00FAFE2A /* 6.png in Resources */ = {isa = PBXBuildFile; fileRef = 528059161F21EFDF00FAFE2A /* 6.png */; };
		528059311F21EFDF00FAFE2A /* 7.png in Resources */ = {isa = PBXBuildFile; fileRef = 528059171F21EFDF00FAFE2A /* 7.png */; };
		528059321F21EFDF00FAFE2A /* 8.png in Resources */ = {isa = PBXBuildFile; fileRef = 528059181F21EFDF00FAFE2A /* 8.png */; };
		528059331F21EFDF00FAFE2A /* 9.png in Resources */ = {isa = PBXBuildFile; fileRef = 528059191F21EFDF00FAFE2A /* 9.png */; };
		528059351F223A9100FAFE2A /* spider.png in Resources */ = {isa = PBXBuildFile; fileRef = 528059341F223A9100FAFE2A /* spider.png */; };
		528059371F224AE900FAFE2A /* Brick-wall-background-03-HD-Images-41311.jpg in Resources */ = {isa = PBXBuildFile; fileRef = 528059361F224AE900FAFE2A /* Brick-wall-background-03-HD-Images-41311.jpg */; };
		5288DAE21F289D6900C22C2B /* Explode.png in Resources */ = {isa = PBXBuildFile; fileRef = 5288DAE11F289D6900C22C2B /* Explode.png */; };
		5288DAE61F28CC3E00C22C2B /* ScoreViewController.swift in Sources */ = {isa = PBXBuildFile; fileRef = 5288DAE51F28CC3E00C22C2B /* ScoreViewController.swift */; };
		52B5E8E11F1E0FA600BC7892 /* AppDelegate.swift in Sources */ = {isa = PBXBuildFile; fileRef = 52B5E8E01F1E0FA600BC7892 /* AppDelegate.swift */; };
		52B5E8E31F1E0FA600BC7892 /* ViewController.swift in Sources */ = {isa = PBXBuildFile; fileRef = 52B5E8E21F1E0FA600BC7892 /* ViewController.swift */; };
		52B5E8E61F1E0FA600BC7892 /* Main.storyboard in Resources */ = {isa = PBXBuildFile; fileRef = 52B5E8E41F1E0FA600BC7892 /* Main.storyboard */; };
		52B5E8E81F1E0FA600BC7892 /* Assets.xcassets in Resources */ = {isa = PBXBuildFile; fileRef = 52B5E8E71F1E0FA600BC7892 /* Assets.xcassets */; };
		52B5E8EB1F1E0FA600BC7892 /* LaunchScreen.storyboard in Resources */ = {isa = PBXBuildFile; fileRef = 52B5E8E91F1E0FA600BC7892 /* LaunchScreen.storyboard */; };
		52B5E8F61F1E0FA600BC7892 /* shoot_emTests.swift in Sources */ = {isa = PBXBuildFile; fileRef = 52B5E8F51F1E0FA600BC7892 /* shoot_emTests.swift */; };
		52B5E9011F1E0FA600BC7892 /* shoot_emUITests.swift in Sources */ = {isa = PBXBuildFile; fileRef = 52B5E9001F1E0FA600BC7892 /* shoot_emUITests.swift */; };
		52D5A5D11F272B030025AB6A /* Spider_Web.png in Resources */ = {isa = PBXBuildFile; fileRef = 52D5A5D01F272B030025AB6A /* Spider_Web.png */; };
		E423CE771F2743C400F684B8 /* Spider_Web_Small.png in Resources */ = {isa = PBXBuildFile; fileRef = E423CE761F2743C400F684B8 /* Spider_Web_Small.png */; };
		E423CE901F28863D00F684B8 /* 100.png in Resources */ = {isa = PBXBuildFile; fileRef = E423CE781F28863D00F684B8 /* 100.png */; };
		E423CE911F28863D00F684B8 /* 101.png in Resources */ = {isa = PBXBuildFile; fileRef = E423CE791F28863D00F684B8 /* 101.png */; };
		E423CE921F28863D00F684B8 /* 102.png in Resources */ = {isa = PBXBuildFile; fileRef = E423CE7A1F28863D00F684B8 /* 102.png */; };
		E423CE931F28863D00F684B8 /* 103.png in Resources */ = {isa = PBXBuildFile; fileRef = E423CE7B1F28863D00F684B8 /* 103.png */; };
		E423CE941F28863D00F684B8 /* 104.png in Resources */ = {isa = PBXBuildFile; fileRef = E423CE7C1F28863D00F684B8 /* 104.png */; };
		E423CE951F28863D00F684B8 /* 105.png in Resources */ = {isa = PBXBuildFile; fileRef = E423CE7D1F28863D00F684B8 /* 105.png */; };
		E423CE961F28863D00F684B8 /* 106.png in Resources */ = {isa = PBXBuildFile; fileRef = E423CE7E1F28863D00F684B8 /* 106.png */; };
		E423CE971F28863D00F684B8 /* 107.png in Resources */ = {isa = PBXBuildFile; fileRef = E423CE7F1F28863D00F684B8 /* 107.png */; };
		E423CE981F28863D00F684B8 /* 108.png in Resources */ = {isa = PBXBuildFile; fileRef = E423CE801F28863D00F684B8 /* 108.png */; };
		E423CE991F28863D00F684B8 /* 109.png in Resources */ = {isa = PBXBuildFile; fileRef = E423CE811F28863D00F684B8 /* 109.png */; };
		E423CE9A1F28863D00F684B8 /* 110.png in Resources */ = {isa = PBXBuildFile; fileRef = E423CE821F28863D00F684B8 /* 110.png */; };
		E423CE9B1F28863D00F684B8 /* 111.png in Resources */ = {isa = PBXBuildFile; fileRef = E423CE831F28863D00F684B8 /* 111.png */; };
		E423CE9C1F28863D00F684B8 /* 112.png in Resources */ = {isa = PBXBuildFile; fileRef = E423CE841F28863D00F684B8 /* 112.png */; };
		E423CE9D1F28863D00F684B8 /* 113.png in Resources */ = {isa = PBXBuildFile; fileRef = E423CE851F28863D00F684B8 /* 113.png */; };
		E423CE9E1F28863D00F684B8 /* 114.png in Resources */ = {isa = PBXBuildFile; fileRef = E423CE861F28863D00F684B8 /* 114.png */; };
		E423CE9F1F28863D00F684B8 /* 115.png in Resources */ = {isa = PBXBuildFile; fileRef = E423CE871F28863D00F684B8 /* 115.png */; };
		E423CEA01F28863D00F684B8 /* 116.png in Resources */ = {isa = PBXBuildFile; fileRef = E423CE881F28863D00F684B8 /* 116.png */; };
		E423CEA11F28863D00F684B8 /* 117.png in Resources */ = {isa = PBXBuildFile; fileRef = E423CE891F28863D00F684B8 /* 117.png */; };
		E423CEA21F28863D00F684B8 /* 118.png in Resources */ = {isa = PBXBuildFile; fileRef = E423CE8A1F28863D00F684B8 /* 118.png */; };
		E423CEA31F28863D00F684B8 /* 119.png in Resources */ = {isa = PBXBuildFile; fileRef = E423CE8B1F28863D00F684B8 /* 119.png */; };
		E423CEA41F28863D00F684B8 /* 120.png in Resources */ = {isa = PBXBuildFile; fileRef = E423CE8C1F28863D00F684B8 /* 120.png */; };
		E423CEA51F28863D00F684B8 /* 121.png in Resources */ = {isa = PBXBuildFile; fileRef = E423CE8D1F28863D00F684B8 /* 121.png */; };
		E423CEA61F28863D00F684B8 /* 122.png in Resources */ = {isa = PBXBuildFile; fileRef = E423CE8E1F28863D00F684B8 /* 122.png */; };
		E423CEA71F28863D00F684B8 /* 123.png in Resources */ = {isa = PBXBuildFile; fileRef = E423CE8F1F28863D00F684B8 /* 123.png */; };
		E423CEA91F288AD700F684B8 /* MenuViewController.swift in Sources */ = {isa = PBXBuildFile; fileRef = E423CEA81F288AD700F684B8 /* MenuViewController.swift */; };
/* End PBXBuildFile section */

/* Begin PBXContainerItemProxy section */
		52B5E8F21F1E0FA600BC7892 /* PBXContainerItemProxy */ = {
			isa = PBXContainerItemProxy;
			containerPortal = 52B5E8D51F1E0FA600BC7892 /* Project object */;
			proxyType = 1;
			remoteGlobalIDString = 52B5E8DC1F1E0FA600BC7892;
			remoteInfo = "shoot'em";
		};
		52B5E8FD1F1E0FA600BC7892 /* PBXContainerItemProxy */ = {
			isa = PBXContainerItemProxy;
			containerPortal = 52B5E8D51F1E0FA600BC7892 /* Project object */;
			proxyType = 1;
			remoteGlobalIDString = 52B5E8DC1F1E0FA600BC7892;
			remoteInfo = "shoot'em";
		};
/* End PBXContainerItemProxy section */

/* Begin PBXFileReference section */
		528059001F21EFDF00FAFE2A /* 0.png */ = {isa = PBXFileReference; lastKnownFileType = image.png; path = 0.png; sourceTree = "<group>"; };
		528059011F21EFDF00FAFE2A /* 1.png */ = {isa = PBXFileReference; lastKnownFileType = image.png; path = 1.png; sourceTree = "<group>"; };
		528059021F21EFDF00FAFE2A /* 10.png */ = {isa = PBXFileReference; lastKnownFileType = image.png; path = 10.png; sourceTree = "<group>"; };
		528059031F21EFDF00FAFE2A /* 11.png */ = {isa = PBXFileReference; lastKnownFileType = image.png; path = 11.png; sourceTree = "<group>"; };
		528059041F21EFDF00FAFE2A /* 12.png */ = {isa = PBXFileReference; lastKnownFileType = image.png; path = 12.png; sourceTree = "<group>"; };
		528059051F21EFDF00FAFE2A /* 13.png */ = {isa = PBXFileReference; lastKnownFileType = image.png; path = 13.png; sourceTree = "<group>"; };
		528059061F21EFDF00FAFE2A /* 16.png */ = {isa = PBXFileReference; lastKnownFileType = image.png; path = 16.png; sourceTree = "<group>"; };
		528059071F21EFDF00FAFE2A /* 17.png */ = {isa = PBXFileReference; lastKnownFileType = image.png; path = 17.png; sourceTree = "<group>"; };
		528059081F21EFDF00FAFE2A /* 18.png */ = {isa = PBXFileReference; lastKnownFileType = image.png; path = 18.png; sourceTree = "<group>"; };
		528059091F21EFDF00FAFE2A /* 19.png */ = {isa = PBXFileReference; lastKnownFileType = image.png; path = 19.png; sourceTree = "<group>"; };
		5280590A1F21EFDF00FAFE2A /* 2.png */ = {isa = PBXFileReference; lastKnownFileType = image.png; path = 2.png; sourceTree = "<group>"; };
		5280590B1F21EFDF00FAFE2A /* 20.png */ = {isa = PBXFileReference; lastKnownFileType = image.png; path = 20.png; sourceTree = "<group>"; };
		5280590C1F21EFDF00FAFE2A /* 21.png */ = {isa = PBXFileReference; lastKnownFileType = image.png; path = 21.png; sourceTree = "<group>"; };
		5280590D1F21EFDF00FAFE2A /* 22.png */ = {isa = PBXFileReference; lastKnownFileType = image.png; path = 22.png; sourceTree = "<group>"; };
		5280590E1F21EFDF00FAFE2A /* 23.png */ = {isa = PBXFileReference; lastKnownFileType = image.png; path = 23.png; sourceTree = "<group>"; };
		5280590F1F21EFDF00FAFE2A /* 24.png */ = {isa = PBXFileReference; lastKnownFileType = image.png; path = 24.png; sourceTree = "<group>"; };
		528059101F21EFDF00FAFE2A /* 25.png */ = {isa = PBXFileReference; lastKnownFileType = image.png; path = 25.png; sourceTree = "<group>"; };
		528059111F21EFDF00FAFE2A /* 26.png */ = {isa = PBXFileReference; lastKnownFileType = image.png; path = 26.png; sourceTree = "<group>"; };
		528059121F21EFDF00FAFE2A /* 27.png */ = {isa = PBXFileReference; lastKnownFileType = image.png; path = 27.png; sourceTree = "<group>"; };
		528059131F21EFDF00FAFE2A /* 3.png */ = {isa = PBXFileReference; lastKnownFileType = image.png; path = 3.png; sourceTree = "<group>"; };
		528059141F21EFDF00FAFE2A /* 4.png */ = {isa = PBXFileReference; lastKnownFileType = image.png; path = 4.png; sourceTree = "<group>"; };
		528059151F21EFDF00FAFE2A /* 5.png */ = {isa = PBXFileReference; lastKnownFileType = image.png; path = 5.png; sourceTree = "<group>"; };
		528059161F21EFDF00FAFE2A /* 6.png */ = {isa = PBXFileReference; lastKnownFileType = image.png; path = 6.png; sourceTree = "<group>"; };
		528059171F21EFDF00FAFE2A /* 7.png */ = {isa = PBXFileReference; lastKnownFileType = image.png; path = 7.png; sourceTree = "<group>"; };
		528059181F21EFDF00FAFE2A /* 8.png */ = {isa = PBXFileReference; lastKnownFileType = image.png; path = 8.png; sourceTree = "<group>"; };
		528059191F21EFDF00FAFE2A /* 9.png */ = {isa = PBXFileReference; lastKnownFileType = image.png; path = 9.png; sourceTree = "<group>"; };
		528059341F223A9100FAFE2A /* spider.png */ = {isa = PBXFileReference; lastKnownFileType = image.png; path = spider.png; sourceTree = "<group>"; };
		528059361F224AE900FAFE2A /* Brick-wall-background-03-HD-Images-41311.jpg */ = {isa = PBXFileReference; lastKnownFileType = image.jpeg; path = "Brick-wall-background-03-HD-Images-41311.jpg"; sourceTree = "<group>"; };
		5288DAE11F289D6900C22C2B /* Explode.png */ = {isa = PBXFileReference; lastKnownFileType = image.png; path = Explode.png; sourceTree = "<group>"; };
		5288DAE51F28CC3E00C22C2B /* ScoreViewController.swift */ = {isa = PBXFileReference; fileEncoding = 4; lastKnownFileType = sourcecode.swift; name = ScoreViewController.swift; path = ../ScoreViewController.swift; sourceTree = "<group>"; };
		52B5E8DD1F1E0FA600BC7892 /* shoot'em.app */ = {isa = PBXFileReference; explicitFileType = wrapper.application; includeInIndex = 0; path = "shoot'em.app"; sourceTree = BUILT_PRODUCTS_DIR; };
		52B5E8E01F1E0FA600BC7892 /* AppDelegate.swift */ = {isa = PBXFileReference; lastKnownFileType = sourcecode.swift; path = AppDelegate.swift; sourceTree = "<group>"; };
		52B5E8E21F1E0FA600BC7892 /* ViewController.swift */ = {isa = PBXFileReference; lastKnownFileType = sourcecode.swift; path = ViewController.swift; sourceTree = "<group>"; };
		52B5E8E51F1E0FA600BC7892 /* Base */ = {isa = PBXFileReference; lastKnownFileType = file.storyboard; name = Base; path = Base.lproj/Main.storyboard; sourceTree = "<group>"; };
		52B5E8E71F1E0FA600BC7892 /* Assets.xcassets */ = {isa = PBXFileReference; lastKnownFileType = folder.assetcatalog; path = Assets.xcassets; sourceTree = "<group>"; };
		52B5E8EA1F1E0FA600BC7892 /* Base */ = {isa = PBXFileReference; lastKnownFileType = file.storyboard; name = Base; path = Base.lproj/LaunchScreen.storyboard; sourceTree = "<group>"; };
		52B5E8EC1F1E0FA600BC7892 /* Info.plist */ = {isa = PBXFileReference; lastKnownFileType = text.plist.xml; path = Info.plist; sourceTree = "<group>"; };
		52B5E8F11F1E0FA600BC7892 /* shoot'emTests.xctest */ = {isa = PBXFileReference; explicitFileType = wrapper.cfbundle; includeInIndex = 0; path = "shoot'emTests.xctest"; sourceTree = BUILT_PRODUCTS_DIR; };
		52B5E8F51F1E0FA600BC7892 /* shoot_emTests.swift */ = {isa = PBXFileReference; lastKnownFileType = sourcecode.swift; path = shoot_emTests.swift; sourceTree = "<group>"; };
		52B5E8F71F1E0FA600BC7892 /* Info.plist */ = {isa = PBXFileReference; lastKnownFileType = text.plist.xml; path = Info.plist; sourceTree = "<group>"; };
		52B5E8FC1F1E0FA600BC7892 /* shoot'emUITests.xctest */ = {isa = PBXFileReference; explicitFileType = wrapper.cfbundle; includeInIndex = 0; path = "shoot'emUITests.xctest"; sourceTree = BUILT_PRODUCTS_DIR; };
		52B5E9001F1E0FA600BC7892 /* shoot_emUITests.swift */ = {isa = PBXFileReference; lastKnownFileType = sourcecode.swift; path = shoot_emUITests.swift; sourceTree = "<group>"; };
		52B5E9021F1E0FA600BC7892 /* Info.plist */ = {isa = PBXFileReference; lastKnownFileType = text.plist.xml; path = Info.plist; sourceTree = "<group>"; };
		52D5A5D01F272B030025AB6A /* Spider_Web.png */ = {isa = PBXFileReference; lastKnownFileType = image.png; path = Spider_Web.png; sourceTree = "<group>"; };
		E423CE761F2743C400F684B8 /* Spider_Web_Small.png */ = {isa = PBXFileReference; lastKnownFileType = image.png; path = Spider_Web_Small.png; sourceTree = "<group>"; };
		E423CE781F28863D00F684B8 /* 100.png */ = {isa = PBXFileReference; lastKnownFileType = image.png; path = 100.png; sourceTree = "<group>"; };
		E423CE791F28863D00F684B8 /* 101.png */ = {isa = PBXFileReference; lastKnownFileType = image.png; path = 101.png; sourceTree = "<group>"; };
		E423CE7A1F28863D00F684B8 /* 102.png */ = {isa = PBXFileReference; lastKnownFileType = image.png; path = 102.png; sourceTree = "<group>"; };
		E423CE7B1F28863D00F684B8 /* 103.png */ = {isa = PBXFileReference; lastKnownFileType = image.png; path = 103.png; sourceTree = "<group>"; };
		E423CE7C1F28863D00F684B8 /* 104.png */ = {isa = PBXFileReference; lastKnownFileType = image.png; path = 104.png; sourceTree = "<group>"; };
		E423CE7D1F28863D00F684B8 /* 105.png */ = {isa = PBXFileReference; lastKnownFileType = image.png; path = 105.png; sourceTree = "<group>"; };
		E423CE7E1F28863D00F684B8 /* 106.png */ = {isa = PBXFileReference; lastKnownFileType = image.png; path = 106.png; sourceTree = "<group>"; };
		E423CE7F1F28863D00F684B8 /* 107.png */ = {isa = PBXFileReference; lastKnownFileType = image.png; path = 107.png; sourceTree = "<group>"; };
		E423CE801F28863D00F684B8 /* 108.png */ = {isa = PBXFileReference; lastKnownFileType = image.png; path = 108.png; sourceTree = "<group>"; };
		E423CE811F28863D00F684B8 /* 109.png */ = {isa = PBXFileReference; lastKnownFileType = image.png; path = 109.png; sourceTree = "<group>"; };
		E423CE821F28863D00F684B8 /* 110.png */ = {isa = PBXFileReference; lastKnownFileType = image.png; path = 110.png; sourceTree = "<group>"; };
		E423CE831F28863D00F684B8 /* 111.png */ = {isa = PBXFileReference; lastKnownFileType = image.png; path = 111.png; sourceTree = "<group>"; };
		E423CE841F28863D00F684B8 /* 112.png */ = {isa = PBXFileReference; lastKnownFileType = image.png; path = 112.png; sourceTree = "<group>"; };
		E423CE851F28863D00F684B8 /* 113.png */ = {isa = PBXFileReference; lastKnownFileType = image.png; path = 113.png; sourceTree = "<group>"; };
		E423CE861F28863D00F684B8 /* 114.png */ = {isa = PBXFileReference; lastKnownFileType = image.png; path = 114.png; sourceTree = "<group>"; };
		E423CE871F28863D00F684B8 /* 115.png */ = {isa = PBXFileReference; lastKnownFileType = image.png; path = 115.png; sourceTree = "<group>"; };
		E423CE881F28863D00F684B8 /* 116.png */ = {isa = PBXFileReference; lastKnownFileType = image.png; path = 116.png; sourceTree = "<group>"; };
		E423CE891F28863D00F684B8 /* 117.png */ = {isa = PBXFileReference; lastKnownFileType = image.png; path = 117.png; sourceTree = "<group>"; };
		E423CE8A1F28863D00F684B8 /* 118.png */ = {isa = PBXFileReference; lastKnownFileType = image.png; path = 118.png; sourceTree = "<group>"; };
		E423CE8B1F28863D00F684B8 /* 119.png */ = {isa = PBXFileReference; lastKnownFileType = image.png; path = 119.png; sourceTree = "<group>"; };
		E423CE8C1F28863D00F684B8 /* 120.png */ = {isa = PBXFileReference; lastKnownFileType = image.png; path = 120.png; sourceTree = "<group>"; };
		E423CE8D1F28863D00F684B8 /* 121.png */ = {isa = PBXFileReference; lastKnownFileType = image.png; path = 121.png; sourceTree = "<group>"; };
		E423CE8E1F28863D00F684B8 /* 122.png */ = {isa = PBXFileReference; lastKnownFileType = image.png; path = 122.png; sourceTree = "<group>"; };
		E423CE8F1F28863D00F684B8 /* 123.png */ = {isa = PBXFileReference; lastKnownFileType = image.png; path = 123.png; sourceTree = "<group>"; };
		E423CEA81F288AD700F684B8 /* MenuViewController.swift */ = {isa = PBXFileReference; fileEncoding = 4; lastKnownFileType = sourcecode.swift; path = MenuViewController.swift; sourceTree = "<group>"; };
/* End PBXFileReference section */

/* Begin PBXFrameworksBuildPhase section */
		52B5E8DA1F1E0FA600BC7892 /* Frameworks */ = {
			isa = PBXFrameworksBuildPhase;
			buildActionMask = 2147483647;
			files = (
			);
			runOnlyForDeploymentPostprocessing = 0;
		};
		52B5E8EE1F1E0FA600BC7892 /* Frameworks */ = {
			isa = PBXFrameworksBuildPhase;
			buildActionMask = 2147483647;
			files = (
			);
			runOnlyForDeploymentPostprocessing = 0;
		};
		52B5E8F91F1E0FA600BC7892 /* Frameworks */ = {
			isa = PBXFrameworksBuildPhase;
			buildActionMask = 2147483647;
			files = (
			);
			runOnlyForDeploymentPostprocessing = 0;
		};
/* End PBXFrameworksBuildPhase section */

/* Begin PBXGroup section */
		528058FF1F21EFDF00FAFE2A /* sprites */ = {
			isa = PBXGroup;
			children = (
				5288DAE11F289D6900C22C2B /* Explode.png */,
				528059361F224AE900FAFE2A /* Brick-wall-background-03-HD-Images-41311.jpg */,
				E423CE761F2743C400F684B8 /* Spider_Web_Small.png */,
				52D5A5D01F272B030025AB6A /* Spider_Web.png */,
				528059341F223A9100FAFE2A /* spider.png */,
				528059001F21EFDF00FAFE2A /* 0.png */,
				528059011F21EFDF00FAFE2A /* 1.png */,
				528059021F21EFDF00FAFE2A /* 10.png */,
				528059031F21EFDF00FAFE2A /* 11.png */,
				528059041F21EFDF00FAFE2A /* 12.png */,
				528059051F21EFDF00FAFE2A /* 13.png */,
				528059061F21EFDF00FAFE2A /* 16.png */,
				528059071F21EFDF00FAFE2A /* 17.png */,
				528059081F21EFDF00FAFE2A /* 18.png */,
				528059091F21EFDF00FAFE2A /* 19.png */,
				5280590A1F21EFDF00FAFE2A /* 2.png */,
				5280590B1F21EFDF00FAFE2A /* 20.png */,
				5280590C1F21EFDF00FAFE2A /* 21.png */,
				5280590D1F21EFDF00FAFE2A /* 22.png */,
				5280590E1F21EFDF00FAFE2A /* 23.png */,
				5280590F1F21EFDF00FAFE2A /* 24.png */,
				528059101F21EFDF00FAFE2A /* 25.png */,
				528059111F21EFDF00FAFE2A /* 26.png */,
				528059121F21EFDF00FAFE2A /* 27.png */,
				528059131F21EFDF00FAFE2A /* 3.png */,
				528059141F21EFDF00FAFE2A /* 4.png */,
				528059151F21EFDF00FAFE2A /* 5.png */,
				528059161F21EFDF00FAFE2A /* 6.png */,
				528059171F21EFDF00FAFE2A /* 7.png */,
				528059181F21EFDF00FAFE2A /* 8.png */,
				528059191F21EFDF00FAFE2A /* 9.png */,
			);
			path = sprites;
			sourceTree = "<group>";
		};
		52B5E8D41F1E0FA600BC7892 = {
			isa = PBXGroup;
			children = (
				52B5E8DF1F1E0FA600BC7892 /* shoot'em */,
				52B5E8F41F1E0FA600BC7892 /* shoot'emTests */,
				52B5E8FF1F1E0FA600BC7892 /* shoot'emUITests */,
				52B5E8DE1F1E0FA600BC7892 /* Products */,
			);
			sourceTree = "<group>";
		};
		52B5E8DE1F1E0FA600BC7892 /* Products */ = {
			isa = PBXGroup;
			children = (
				52B5E8DD1F1E0FA600BC7892 /* shoot'em.app */,
				52B5E8F11F1E0FA600BC7892 /* shoot'emTests.xctest */,
				52B5E8FC1F1E0FA600BC7892 /* shoot'emUITests.xctest */,
			);
			name = Products;
			sourceTree = "<group>";
		};
		52B5E8DF1F1E0FA600BC7892 /* shoot'em */ = {
			isa = PBXGroup;
			children = (
				528058FF1F21EFDF00FAFE2A /* sprites */,
				52D5A5D21F274C370025AB6A /* enemies */,
				52B5E8E01F1E0FA600BC7892 /* AppDelegate.swift */,
				52B5E8E21F1E0FA600BC7892 /* ViewController.swift */,
				52B5E8E41F1E0FA600BC7892 /* Main.storyboard */,
				E423CEA81F288AD700F684B8 /* MenuViewController.swift */,
				5288DAE51F28CC3E00C22C2B /* ScoreViewController.swift */,
				52B5E8E71F1E0FA600BC7892 /* Assets.xcassets */,
				52B5E8E91F1E0FA600BC7892 /* LaunchScreen.storyboard */,
				52B5E8EC1F1E0FA600BC7892 /* Info.plist */,
			);
			path = "shoot'em";
			sourceTree = "<group>";
		};
		52B5E8F41F1E0FA600BC7892 /* shoot'emTests */ = {
			isa = PBXGroup;
			children = (
				52B5E8F51F1E0FA600BC7892 /* shoot_emTests.swift */,
				52B5E8F71F1E0FA600BC7892 /* Info.plist */,
			);
			path = "shoot'emTests";
			sourceTree = "<group>";
		};
		52B5E8FF1F1E0FA600BC7892 /* shoot'emUITests */ = {
			isa = PBXGroup;
			children = (
				52B5E9001F1E0FA600BC7892 /* shoot_emUITests.swift */,
				52B5E9021F1E0FA600BC7892 /* Info.plist */,
			);
			path = "shoot'emUITests";
			sourceTree = "<group>";
		};
		52D5A5D21F274C370025AB6A /* enemies */ = {
			isa = PBXGroup;
			children = (
				E423CE781F28863D00F684B8 /* 100.png */,
				E423CE791F28863D00F684B8 /* 101.png */,
				E423CE7A1F28863D00F684B8 /* 102.png */,
				E423CE7B1F28863D00F684B8 /* 103.png */,
				E423CE7C1F28863D00F684B8 /* 104.png */,
				E423CE7D1F28863D00F684B8 /* 105.png */,
				E423CE7E1F28863D00F684B8 /* 106.png */,
				E423CE7F1F28863D00F684B8 /* 107.png */,
				E423CE801F28863D00F684B8 /* 108.png */,
				E423CE811F28863D00F684B8 /* 109.png */,
				E423CE821F28863D00F684B8 /* 110.png */,
				E423CE831F28863D00F684B8 /* 111.png */,
				E423CE841F28863D00F684B8 /* 112.png */,
				E423CE851F28863D00F684B8 /* 113.png */,
				E423CE861F28863D00F684B8 /* 114.png */,
				E423CE871F28863D00F684B8 /* 115.png */,
				E423CE881F28863D00F684B8 /* 116.png */,
				E423CE891F28863D00F684B8 /* 117.png */,
				E423CE8A1F28863D00F684B8 /* 118.png */,
				E423CE8B1F28863D00F684B8 /* 119.png */,
				E423CE8C1F28863D00F684B8 /* 120.png */,
				E423CE8D1F28863D00F684B8 /* 121.png */,
				E423CE8E1F28863D00F684B8 /* 122.png */,
				E423CE8F1F28863D00F684B8 /* 123.png */,
			);
			name = enemies;
			path = sprites/enemies;
			sourceTree = "<group>";
		};
/* End PBXGroup section */

/* Begin PBXNativeTarget section */
		52B5E8DC1F1E0FA600BC7892 /* shoot'em */ = {
			isa = PBXNativeTarget;
			buildConfigurationList = 52B5E9051F1E0FA600BC7892 /* Build configuration list for PBXNativeTarget "shoot'em" */;
			buildPhases = (
				52B5E8D91F1E0FA600BC7892 /* Sources */,
				52B5E8DA1F1E0FA600BC7892 /* Frameworks */,
				52B5E8DB1F1E0FA600BC7892 /* Resources */,
			);
			buildRules = (
			);
			dependencies = (
			);
			name = "shoot'em";
			productName = "shoot'em";
			productReference = 52B5E8DD1F1E0FA600BC7892 /* shoot'em.app */;
			productType = "com.apple.product-type.application";
		};
		52B5E8F01F1E0FA600BC7892 /* shoot'emTests */ = {
			isa = PBXNativeTarget;
			buildConfigurationList = 52B5E9081F1E0FA600BC7892 /* Build configuration list for PBXNativeTarget "shoot'emTests" */;
			buildPhases = (
				52B5E8ED1F1E0FA600BC7892 /* Sources */,
				52B5E8EE1F1E0FA600BC7892 /* Frameworks */,
				52B5E8EF1F1E0FA600BC7892 /* Resources */,
			);
			buildRules = (
			);
			dependencies = (
				52B5E8F31F1E0FA600BC7892 /* PBXTargetDependency */,
			);
			name = "shoot'emTests";
			productName = "shoot'emTests";
			productReference = 52B5E8F11F1E0FA600BC7892 /* shoot'emTests.xctest */;
			productType = "com.apple.product-type.bundle.unit-test";
		};
		52B5E8FB1F1E0FA600BC7892 /* shoot'emUITests */ = {
			isa = PBXNativeTarget;
			buildConfigurationList = 52B5E90B1F1E0FA600BC7892 /* Build configuration list for PBXNativeTarget "shoot'emUITests" */;
			buildPhases = (
				52B5E8F81F1E0FA600BC7892 /* Sources */,
				52B5E8F91F1E0FA600BC7892 /* Frameworks */,
				52B5E8FA1F1E0FA600BC7892 /* Resources */,
			);
			buildRules = (
			);
			dependencies = (
				52B5E8FE1F1E0FA600BC7892 /* PBXTargetDependency */,
			);
			name = "shoot'emUITests";
			productName = "shoot'emUITests";
			productReference = 52B5E8FC1F1E0FA600BC7892 /* shoot'emUITests.xctest */;
			productType = "com.apple.product-type.bundle.ui-testing";
		};
/* End PBXNativeTarget section */

/* Begin PBXProject section */
		52B5E8D51F1E0FA600BC7892 /* Project object */ = {
			isa = PBXProject;
			attributes = {
				LastSwiftUpdateCheck = 0830;
				LastUpgradeCheck = 0830;
				ORGANIZATIONNAME = etna;
				TargetAttributes = {
					52B5E8DC1F1E0FA600BC7892 = {
						CreatedOnToolsVersion = 8.3.1;
						ProvisioningStyle = Automatic;
					};
					52B5E8F01F1E0FA600BC7892 = {
						CreatedOnToolsVersion = 8.3.1;
						ProvisioningStyle = Automatic;
						TestTargetID = 52B5E8DC1F1E0FA600BC7892;
					};
					52B5E8FB1F1E0FA600BC7892 = {
						CreatedOnToolsVersion = 8.3.1;
						ProvisioningStyle = Automatic;
						TestTargetID = 52B5E8DC1F1E0FA600BC7892;
					};
				};
			};
			buildConfigurationList = 52B5E8D81F1E0FA600BC7892 /* Build configuration list for PBXProject "shoot'em" */;
			compatibilityVersion = "Xcode 3.2";
			developmentRegion = English;
			hasScannedForEncodings = 0;
			knownRegions = (
				en,
				Base,
			);
			mainGroup = 52B5E8D41F1E0FA600BC7892;
			productRefGroup = 52B5E8DE1F1E0FA600BC7892 /* Products */;
			projectDirPath = "";
			projectRoot = "";
			targets = (
				52B5E8DC1F1E0FA600BC7892 /* shoot'em */,
				52B5E8F01F1E0FA600BC7892 /* shoot'emTests */,
				52B5E8FB1F1E0FA600BC7892 /* shoot'emUITests */,
			);
		};
/* End PBXProject section */

/* Begin PBXResourcesBuildPhase section */
		52B5E8DB1F1E0FA600BC7892 /* Resources */ = {
			isa = PBXResourcesBuildPhase;
			buildActionMask = 2147483647;
			files = (
				E423CE9E1F28863D00F684B8 /* 114.png in Resources */,
				E423CE991F28863D00F684B8 /* 109.png in Resources */,
				528059311F21EFDF00FAFE2A /* 7.png in Resources */,
				E423CEA71F28863D00F684B8 /* 123.png in Resources */,
				E423CEA41F28863D00F684B8 /* 120.png in Resources */,
				5280592A1F21EFDF00FAFE2A /* 25.png in Resources */,
				528059251F21EFDF00FAFE2A /* 20.png in Resources */,
				E423CE9A1F28863D00F684B8 /* 110.png in Resources */,
				E423CE941F28863D00F684B8 /* 104.png in Resources */,
				528059231F21EFDF00FAFE2A /* 19.png in Resources */,
				528059351F223A9100FAFE2A /* spider.png in Resources */,
				E423CE951F28863D00F684B8 /* 105.png in Resources */,
				52D5A5D11F272B030025AB6A /* Spider_Web.png in Resources */,
				E423CE931F28863D00F684B8 /* 103.png in Resources */,
				E423CE771F2743C400F684B8 /* Spider_Web_Small.png in Resources */,
				5280592B1F21EFDF00FAFE2A /* 26.png in Resources */,
				528059201F21EFDF00FAFE2A /* 16.png in Resources */,
				528059241F21EFDF00FAFE2A /* 2.png in Resources */,
				528059331F21EFDF00FAFE2A /* 9.png in Resources */,
				528059301F21EFDF00FAFE2A /* 6.png in Resources */,
				E423CEA01F28863D00F684B8 /* 116.png in Resources */,
				E423CEA31F28863D00F684B8 /* 119.png in Resources */,
				528059371F224AE900FAFE2A /* Brick-wall-background-03-HD-Images-41311.jpg in Resources */,
				E423CE9B1F28863D00F684B8 /* 111.png in Resources */,
				E423CEA61F28863D00F684B8 /* 122.png in Resources */,
				5280591A1F21EFDF00FAFE2A /* 0.png in Resources */,
				528059291F21EFDF00FAFE2A /* 24.png in Resources */,
				52B5E8EB1F1E0FA600BC7892 /* LaunchScreen.storyboard in Resources */,
				528059281F21EFDF00FAFE2A /* 23.png in Resources */,
				5288DAE21F289D6900C22C2B /* Explode.png in Resources */,
				5280591F1F21EFDF00FAFE2A /* 13.png in Resources */,
				5280592F1F21EFDF00FAFE2A /* 5.png in Resources */,
				E423CE901F28863D00F684B8 /* 100.png in Resources */,
				E423CE911F28863D00F684B8 /* 101.png in Resources */,
				5280592D1F21EFDF00FAFE2A /* 3.png in Resources */,
				E423CE961F28863D00F684B8 /* 106.png in Resources */,
				5280592E1F21EFDF00FAFE2A /* 4.png in Resources */,
				E423CEA21F28863D00F684B8 /* 118.png in Resources */,
				E423CE981F28863D00F684B8 /* 108.png in Resources */,
				E423CEA51F28863D00F684B8 /* 121.png in Resources */,
				E423CE9F1F28863D00F684B8 /* 115.png in Resources */,
				528059211F21EFDF00FAFE2A /* 17.png in Resources */,
				5280591C1F21EFDF00FAFE2A /* 10.png in Resources */,
				528059221F21EFDF00FAFE2A /* 18.png in Resources */,
				5280592C1F21EFDF00FAFE2A /* 27.png in Resources */,
				528059321F21EFDF00FAFE2A /* 8.png in Resources */,
				52B5E8E81F1E0FA600BC7892 /* Assets.xcassets in Resources */,
				5280591E1F21EFDF00FAFE2A /* 12.png in Resources */,
				E423CE9D1F28863D00F684B8 /* 113.png in Resources */,
				528059261F21EFDF00FAFE2A /* 21.png in Resources */,
				52B5E8E61F1E0FA600BC7892 /* Main.storyboard in Resources */,
				E423CE971F28863D00F684B8 /* 107.png in Resources */,
				5280591D1F21EFDF00FAFE2A /* 11.png in Resources */,
				E423CE921F28863D00F684B8 /* 102.png in Resources */,
				5280591B1F21EFDF00FAFE2A /* 1.png in Resources */,
				E423CEA11F28863D00F684B8 /* 117.png in Resources */,
				E423CE9C1F28863D00F684B8 /* 112.png in Resources */,
				528059271F21EFDF00FAFE2A /* 22.png in Resources */,
			);
			runOnlyForDeploymentPostprocessing = 0;
		};
		52B5E8EF1F1E0FA600BC7892 /* Resources */ = {
			isa = PBXResourcesBuildPhase;
			buildActionMask = 2147483647;
			files = (
			);
			runOnlyForDeploymentPostprocessing = 0;
		};
		52B5E8FA1F1E0FA600BC7892 /* Resources */ = {
			isa = PBXResourcesBuildPhase;
			buildActionMask = 2147483647;
			files = (
			);
			runOnlyForDeploymentPostprocessing = 0;
		};
/* End PBXResourcesBuildPhase section */

/* Begin PBXSourcesBuildPhase section */
		52B5E8D91F1E0FA600BC7892 /* Sources */ = {
			isa = PBXSourcesBuildPhase;
			buildActionMask = 2147483647;
			files = (
				52B5E8E31F1E0FA600BC7892 /* ViewController.swift in Sources */,
				E423CEA91F288AD700F684B8 /* MenuViewController.swift in Sources */,
				52B5E8E11F1E0FA600BC7892 /* AppDelegate.swift in Sources */,
				5288DAE61F28CC3E00C22C2B /* ScoreViewController.swift in Sources */,
			);
			runOnlyForDeploymentPostprocessing = 0;
		};
		52B5E8ED1F1E0FA600BC7892 /* Sources */ = {
			isa = PBXSourcesBuildPhase;
			buildActionMask = 2147483647;
			files = (
				52B5E8F61F1E0FA600BC7892 /* shoot_emTests.swift in Sources */,
			);
			runOnlyForDeploymentPostprocessing = 0;
		};
		52B5E8F81F1E0FA600BC7892 /* Sources */ = {
			isa = PBXSourcesBuildPhase;
			buildActionMask = 2147483647;
			files = (
				52B5E9011F1E0FA600BC7892 /* shoot_emUITests.swift in Sources */,
			);
			runOnlyForDeploymentPostprocessing = 0;
		};
/* End PBXSourcesBuildPhase section */

/* Begin PBXTargetDependency section */
		52B5E8F31F1E0FA600BC7892 /* PBXTargetDependency */ = {
			isa = PBXTargetDependency;
			target = 52B5E8DC1F1E0FA600BC7892 /* shoot'em */;
			targetProxy = 52B5E8F21F1E0FA600BC7892 /* PBXContainerItemProxy */;
		};
		52B5E8FE1F1E0FA600BC7892 /* PBXTargetDependency */ = {
			isa = PBXTargetDependency;
			target = 52B5E8DC1F1E0FA600BC7892 /* shoot'em */;
			targetProxy = 52B5E8FD1F1E0FA600BC7892 /* PBXContainerItemProxy */;
		};
/* End PBXTargetDependency section */

/* Begin PBXVariantGroup section */
		52B5E8E41F1E0FA600BC7892 /* Main.storyboard */ = {
			isa = PBXVariantGroup;
			children = (
				52B5E8E51F1E0FA600BC7892 /* Base */,
			);
			name = Main.storyboard;
			sourceTree = "<group>";
		};
		52B5E8E91F1E0FA600BC7892 /* LaunchScreen.storyboard */ = {
			isa = PBXVariantGroup;
			children = (
				52B5E8EA1F1E0FA600BC7892 /* Base */,
			);
			name = LaunchScreen.storyboard;
			sourceTree = "<group>";
		};
/* End PBXVariantGroup section */

/* Begin XCBuildConfiguration section */
		52B5E9031F1E0FA600BC7892 /* Debug */ = {
			isa = XCBuildConfiguration;
			buildSettings = {
				ALWAYS_SEARCH_USER_PATHS = NO;
				CLANG_ANALYZER_NONNULL = YES;
				CLANG_ANALYZER_NUMBER_OBJECT_CONVERSION = YES_AGGRESSIVE;
				CLANG_CXX_LANGUAGE_STANDARD = "gnu++0x";
				CLANG_CXX_LIBRARY = "libc++";
				CLANG_ENABLE_MODULES = YES;
				CLANG_ENABLE_OBJC_ARC = YES;
				CLANG_WARN_BOOL_CONVERSION = YES;
				CLANG_WARN_CONSTANT_CONVERSION = YES;
				CLANG_WARN_DIRECT_OBJC_ISA_USAGE = YES_ERROR;
				CLANG_WARN_DOCUMENTATION_COMMENTS = YES;
				CLANG_WARN_EMPTY_BODY = YES;
				CLANG_WARN_ENUM_CONVERSION = YES;
				CLANG_WARN_INFINITE_RECURSION = YES;
				CLANG_WARN_INT_CONVERSION = YES;
				CLANG_WARN_OBJC_ROOT_CLASS = YES_ERROR;
				CLANG_WARN_SUSPICIOUS_MOVE = YES;
				CLANG_WARN_UNREACHABLE_CODE = YES;
				CLANG_WARN__DUPLICATE_METHOD_MATCH = YES;
				"CODE_SIGN_IDENTITY[sdk=iphoneos*]" = "iPhone Developer";
				COPY_PHASE_STRIP = NO;
				DEBUG_INFORMATION_FORMAT = dwarf;
				ENABLE_STRICT_OBJC_MSGSEND = YES;
				ENABLE_TESTABILITY = YES;
				GCC_C_LANGUAGE_STANDARD = gnu99;
				GCC_DYNAMIC_NO_PIC = NO;
				GCC_NO_COMMON_BLOCKS = YES;
				GCC_OPTIMIZATION_LEVEL = 0;
				GCC_PREPROCESSOR_DEFINITIONS = (
					"DEBUG=1",
					"$(inherited)",
				);
				GCC_WARN_64_TO_32_BIT_CONVERSION = YES;
				GCC_WARN_ABOUT_RETURN_TYPE = YES_ERROR;
				GCC_WARN_UNDECLARED_SELECTOR = YES;
				GCC_WARN_UNINITIALIZED_AUTOS = YES_AGGRESSIVE;
				GCC_WARN_UNUSED_FUNCTION = YES;
				GCC_WARN_UNUSED_VARIABLE = YES;
				IPHONEOS_DEPLOYMENT_TARGET = 10.3;
				MTL_ENABLE_DEBUG_INFO = YES;
				ONLY_ACTIVE_ARCH = YES;
				SDKROOT = iphoneos;
				SWIFT_ACTIVE_COMPILATION_CONDITIONS = DEBUG;
				SWIFT_OPTIMIZATION_LEVEL = "-Onone";
				TARGETED_DEVICE_FAMILY = "1,2";
			};
			name = Debug;
		};
		52B5E9041F1E0FA600BC7892 /* Release */ = {
			isa = XCBuildConfiguration;
			buildSettings = {
				ALWAYS_SEARCH_USER_PATHS = NO;
				CLANG_ANALYZER_NONNULL = YES;
				CLANG_ANALYZER_NUMBER_OBJECT_CONVERSION = YES_AGGRESSIVE;
				CLANG_CXX_LANGUAGE_STANDARD = "gnu++0x";
				CLANG_CXX_LIBRARY = "libc++";
				CLANG_ENABLE_MODULES = YES;
				CLANG_ENABLE_OBJC_ARC = YES;
				CLANG_WARN_BOOL_CONVERSION = YES;
				CLANG_WARN_CONSTANT_CONVERSION = YES;
				CLANG_WARN_DIRECT_OBJC_ISA_USAGE = YES_ERROR;
				CLANG_WARN_DOCUMENTATION_COMMENTS = YES;
				CLANG_WARN_EMPTY_BODY = YES;
				CLANG_WARN_ENUM_CONVERSION = YES;
				CLANG_WARN_INFINITE_RECURSION = YES;
				CLANG_WARN_INT_CONVERSION = YES;
				CLANG_WARN_OBJC_ROOT_CLASS = YES_ERROR;
				CLANG_WARN_SUSPICIOUS_MOVE = YES;
				CLANG_WARN_UNREACHABLE_CODE = YES;
				CLANG_WARN__DUPLICATE_METHOD_MATCH = YES;
				"CODE_SIGN_IDENTITY[sdk=iphoneos*]" = "iPhone Developer";
				COPY_PHASE_STRIP = NO;
				DEBUG_INFORMATION_FORMAT = "dwarf-with-dsym";
				ENABLE_NS_ASSERTIONS = NO;
				ENABLE_STRICT_OBJC_MSGSEND = YES;
				GCC_C_LANGUAGE_STANDARD = gnu99;
				GCC_NO_COMMON_BLOCKS = YES;
				GCC_WARN_64_TO_32_BIT_CONVERSION = YES;
				GCC_WARN_ABOUT_RETURN_TYPE = YES_ERROR;
				GCC_WARN_UNDECLARED_SELECTOR = YES;
				GCC_WARN_UNINITIALIZED_AUTOS = YES_AGGRESSIVE;
				GCC_WARN_UNUSED_FUNCTION = YES;
				GCC_WARN_UNUSED_VARIABLE = YES;
				IPHONEOS_DEPLOYMENT_TARGET = 10.3;
				MTL_ENABLE_DEBUG_INFO = NO;
				SDKROOT = iphoneos;
				SWIFT_OPTIMIZATION_LEVEL = "-Owholemodule";
				TARGETED_DEVICE_FAMILY = "1,2";
				VALIDATE_PRODUCT = YES;
			};
			name = Release;
		};
		52B5E9061F1E0FA600BC7892 /* Debug */ = {
			isa = XCBuildConfiguration;
			buildSettings = {
				ASSETCATALOG_COMPILER_APPICON_NAME = AppIcon;
				INFOPLIST_FILE = "shoot'em/Info.plist";
				LD_RUNPATH_SEARCH_PATHS = "$(inherited) @executable_path/Frameworks";
				PRODUCT_BUNDLE_IDENTIFIER = "com.celine.shoot-em";
				PRODUCT_NAME = "$(TARGET_NAME)";
				SWIFT_VERSION = 3.0;
			};
			name = Debug;
		};
		52B5E9071F1E0FA600BC7892 /* Release */ = {
			isa = XCBuildConfiguration;
			buildSettings = {
				ASSETCATALOG_COMPILER_APPICON_NAME = AppIcon;
				INFOPLIST_FILE = "shoot'em/Info.plist";
				LD_RUNPATH_SEARCH_PATHS = "$(inherited) @executable_path/Frameworks";
				PRODUCT_BUNDLE_IDENTIFIER = "com.celine.shoot-em";
				PRODUCT_NAME = "$(TARGET_NAME)";
				SWIFT_VERSION = 3.0;
			};
			name = Release;
		};
		52B5E9091F1E0FA600BC7892 /* Debug */ = {
			isa = XCBuildConfiguration;
			buildSettings = {
				ALWAYS_EMBED_SWIFT_STANDARD_LIBRARIES = YES;
				BUNDLE_LOADER = "$(TEST_HOST)";
				INFOPLIST_FILE = "shoot'emTests/Info.plist";
				LD_RUNPATH_SEARCH_PATHS = "$(inherited) @executable_path/Frameworks @loader_path/Frameworks";
				PRODUCT_BUNDLE_IDENTIFIER = "com.celine.shoot-emTests";
				PRODUCT_NAME = "$(TARGET_NAME)";
				SWIFT_VERSION = 3.0;
				TEST_HOST = "$(BUILT_PRODUCTS_DIR)/shoot'em.app/shoot'em";
			};
			name = Debug;
		};
		52B5E90A1F1E0FA600BC7892 /* Release */ = {
			isa = XCBuildConfiguration;
			buildSettings = {
				ALWAYS_EMBED_SWIFT_STANDARD_LIBRARIES = YES;
				BUNDLE_LOADER = "$(TEST_HOST)";
				INFOPLIST_FILE = "shoot'emTests/Info.plist";
				LD_RUNPATH_SEARCH_PATHS = "$(inherited) @executable_path/Frameworks @loader_path/Frameworks";
				PRODUCT_BUNDLE_IDENTIFIER = "com.celine.shoot-emTests";
				PRODUCT_NAME = "$(TARGET_NAME)";
				SWIFT_VERSION = 3.0;
				TEST_HOST = "$(BUILT_PRODUCTS_DIR)/shoot'em.app/shoot'em";
			};
			name = Release;
		};
		52B5E90C1F1E0FA600BC7892 /* Debug */ = {
			isa = XCBuildConfiguration;
			buildSettings = {
				ALWAYS_EMBED_SWIFT_STANDARD_LIBRARIES = YES;
				INFOPLIST_FILE = "shoot'emUITests/Info.plist";
				LD_RUNPATH_SEARCH_PATHS = "$(inherited) @executable_path/Frameworks @loader_path/Frameworks";
				PRODUCT_BUNDLE_IDENTIFIER = "com.celine.shoot-emUITests";
				PRODUCT_NAME = "$(TARGET_NAME)";
				SWIFT_VERSION = 3.0;
				TEST_TARGET_NAME = "shoot'em";
			};
			name = Debug;
		};
		52B5E90D1F1E0FA600BC7892 /* Release */ = {
			isa = XCBuildConfiguration;
			buildSettings = {
				ALWAYS_EMBED_SWIFT_STANDARD_LIBRARIES = YES;
				INFOPLIST_FILE = "shoot'emUITests/Info.plist";
				LD_RUNPATH_SEARCH_PATHS = "$(inherited) @executable_path/Frameworks @loader_path/Frameworks";
				PRODUCT_BUNDLE_IDENTIFIER = "com.celine.shoot-emUITests";
				PRODUCT_NAME = "$(TARGET_NAME)";
				SWIFT_VERSION = 3.0;
				TEST_TARGET_NAME = "shoot'em";
			};
			name = Release;
		};
/* End XCBuildConfiguration section */

/* Begin XCConfigurationList section */
		52B5E8D81F1E0FA600BC7892 /* Build configuration list for PBXProject "shoot'em" */ = {
			isa = XCConfigurationList;
			buildConfigurations = (
				52B5E9031F1E0FA600BC7892 /* Debug */,
				52B5E9041F1E0FA600BC7892 /* Release */,
			);
			defaultConfigurationIsVisible = 0;
			defaultConfigurationName = Release;
		};
		52B5E9051F1E0FA600BC7892 /* Build configuration list for PBXNativeTarget "shoot'em" */ = {
			isa = XCConfigurationList;
			buildConfigurations = (
				52B5E9061F1E0FA600BC7892 /* Debug */,
				52B5E9071F1E0FA600BC7892 /* Release */,
			);
			defaultConfigurationIsVisible = 0;
			defaultConfigurationName = Release;
		};
		52B5E9081F1E0FA600BC7892 /* Build configuration list for PBXNativeTarget "shoot'emTests" */ = {
			isa = XCConfigurationList;
			buildConfigurations = (
				52B5E9091F1E0FA600BC7892 /* Debug */,
				52B5E90A1F1E0FA600BC7892 /* Release */,
			);
			defaultConfigurationIsVisible = 0;
			defaultConfigurationName = Release;
		};
		52B5E90B1F1E0FA600BC7892 /* Build configuration list for PBXNativeTarget "shoot'emUITests" */ = {
			isa = XCConfigurationList;
			buildConfigurations = (
				52B5E90C1F1E0FA600BC7892 /* Debug */,
				52B5E90D1F1E0FA600BC7892 /* Release */,
			);
			defaultConfigurationIsVisible = 0;
			defaultConfigurationName = Release;
		};
/* End XCConfigurationList section */
	};
	rootObject = 52B5E8D51F1E0FA600BC7892 /* Project object */;
}
